
Microsoft Visual Studio Solution File, Format Version 12.00
# Visual Studio Version 17
VisualStudioVersion = 17.3.32825.248
MinimumVisualStudioVersion = 10.0.40219.1
Project("{FAE04EC0-301F-11D3-BF4B-00C04F79EFBC}") = "HelloWorld", "HelloWorld\HelloWorld.csproj", "{4FCB0B76-A43F-44C9-B554-631C93A97A29}"
EndProject
Global
	GlobalSection(SolutionConfigurationPlatforms) = preSolution
		Debug|Any CPU = Debug|Any CPU
		Release|Any CPU = Release|Any CPU
	EndGlobalSection
	GlobalSection(ProjectConfigurationPlatforms) = postSolution
		{4FCB0B76-A43F-44C9-B554-631C93A97A29}.Debug|Any CPU.ActiveCfg = Debug|Any CPU
		{4FCB0B76-A43F-44C9-B554-631C93A97A29}.Debug|Any CPU.Build.0 = Debug|Any CPU
		{4FCB0B76-A43F-44C9-B554-631C93A97A29}.Release|Any CPU.ActiveCfg = Release|Any CPU
		{4FCB0B76-A43F-44C9-B554-631C93A97A29}.Release|Any CPU.Build.0 = Release|Any CPU
	EndGlobalSection
	GlobalSection(SolutionProperties) = preSolution
		HideSolutionNode = FALSE
	EndGlobalSection
	GlobalSection(ExtensibilityGlobals) = postSolution
		SolutionGuid = {794A97FE-9423-4927-A415-55A3EE2300DB}
	EndGlobalSection
EndGlobal
